
Microsoft Visual Studio Solution File, Format Version 12.00
# Visual Studio 2013
VisualStudioVersion = 12.0.40629.0
MinimumVisualStudioVersion = 10.0.40219.1
Project("{FAE04EC0-301F-11D3-BF4B-00C04F79EFBC}") = "ScreenshotHelper", "ScreenshotHelper\ScreenshotHelper.csproj", "{0A5C1978-B45B-4F97-B9C3-6EF1F04F8F51}"
EndProject
Project("{FAE04EC0-301F-11D3-BF4B-00C04F79EFBC}") = "SampleTests", "SampleTests\SampleTests.csproj", "{CA264426-A9FF-40CA-A615-36E1F2588C76}"
EndProject
Global
	GlobalSection(SolutionConfigurationPlatforms) = preSolution
		Debug|Any CPU = Debug|Any CPU
		Release|Any CPU = Release|Any CPU
	EndGlobalSection
	GlobalSection(ProjectConfigurationPlatforms) = postSolution
		{0A5C1978-B45B-4F97-B9C3-6EF1F04F8F51}.Debug|Any CPU.ActiveCfg = Debug|Any CPU
		{0A5C1978-B45B-4F97-B9C3-6EF1F04F8F51}.Debug|Any CPU.Build.0 = Debug|Any CPU
		{0A5C1978-B45B-4F97-B9C3-6EF1F04F8F51}.Release|Any CPU.ActiveCfg = Release|Any CPU
		{0A5C1978-B45B-4F97-B9C3-6EF1F04F8F51}.Release|Any CPU.Build.0 = Release|Any CPU
		{CA264426-A9FF-40CA-A615-36E1F2588C76}.Debug|Any CPU.ActiveCfg = Debug|Any CPU
		{CA264426-A9FF-40CA-A615-36E1F2588C76}.Debug|Any CPU.Build.0 = Debug|Any CPU
		{CA264426-A9FF-40CA-A615-36E1F2588C76}.Release|Any CPU.ActiveCfg = Release|Any CPU
		{CA264426-A9FF-40CA-A615-36E1F2588C76}.Release|Any CPU.Build.0 = Release|Any CPU
	EndGlobalSection
	GlobalSection(SolutionProperties) = preSolution
		HideSolutionNode = FALSE
	EndGlobalSection
EndGlobal
